
Microsoft Visual Studio Solution File, Format Version 12.00
# Visual Studio Version 17
VisualStudioVersion = 17.6.33723.286
MinimumVisualStudioVersion = 10.0.40219.1
Project("{FAE04EC0-301F-11D3-BF4B-00C04F79EFBC}") = "TourBookingWeb_API", "TourBookingWeb_API\TourBookingWeb_API.csproj", "{E1F5785E-C35F-4AE3-B273-DD98F19D7C9D}"
EndProject
Global
	GlobalSection(SolutionConfigurationPlatforms) = preSolution
		Debug|Any CPU = Debug|Any CPU
		Release|Any CPU = Release|Any CPU
	EndGlobalSection
	GlobalSection(ProjectConfigurationPlatforms) = postSolution
		{E1F5785E-C35F-4AE3-B273-DD98F19D7C9D}.Debug|Any CPU.ActiveCfg = Debug|Any CPU
		{E1F5785E-C35F-4AE3-B273-DD98F19D7C9D}.Debug|Any CPU.Build.0 = Debug|Any CPU
		{E1F5785E-C35F-4AE3-B273-DD98F19D7C9D}.Release|Any CPU.ActiveCfg = Release|Any CPU
		{E1F5785E-C35F-4AE3-B273-DD98F19D7C9D}.Release|Any CPU.Build.0 = Release|Any CPU
	EndGlobalSection
	GlobalSection(SolutionProperties) = preSolution
		HideSolutionNode = FALSE
	EndGlobalSection
	GlobalSection(ExtensibilityGlobals) = postSolution
		SolutionGuid = {4E564535-D1C5-4BA9-981B-B0C68A1866EA}
	EndGlobalSection
EndGlobal
